
Microsoft Visual Studio Solution File, Format Version 12.00
# Visual Studio Version 16
VisualStudioVersion = 16.0.29920.165
MinimumVisualStudioVersion = 10.0.40219.1
Project("{2150E333-8FDC-42A3-9474-1A3956D46DE8}") = "src", "src", "{CE59F6FC-1501-4E25-814A-52B0E0C677C7}"
EndProject
Project("{2150E333-8FDC-42A3-9474-1A3956D46DE8}") = "Building Blocks", "Building Blocks", "{117A9589-2568-4766-8D6F-6A5E1F0E5C42}"
EndProject
Project("{2150E333-8FDC-42A3-9474-1A3956D46DE8}") = "Services", "Services", "{D6AEADC0-0DC2-4BF1-9305-436814FC0EE6}"
EndProject
Project("{2150E333-8FDC-42A3-9474-1A3956D46DE8}") = "Web", "Web", "{119CFEA6-A437-44DA-9213-EE8B87493873}"
EndProject
Project("{2150E333-8FDC-42A3-9474-1A3956D46DE8}") = "Identidade", "Identidade", "{E20930AE-E7E7-4ED1-AFD4-A5D709810AAF}"
EndProject
Project("{9A19103F-16F7-4668-BE54-9A1E7A4F7556}") = "NSE.Identidade.API", "src\services\NSE.Identidade.API\NSE.Identidade.API.csproj", "{67C7BF5B-9716-45DB-AE14-FA9B7DB9A519}"
EndProject
Project("{2150E333-8FDC-42A3-9474-1A3956D46DE8}") = "MVC", "MVC", "{E9CE11FB-0D6C-4843-ABDD-19D63ED900EF}"
EndProject
Project("{9A19103F-16F7-4668-BE54-9A1E7A4F7556}") = "NSE.WebApp.MVC", "src\web\NSE.WebApp.MVC\NSE.WebApp.MVC.csproj", "{6C4032D4-7AEB-49C7-A551-F5B84D3945BB}"
EndProject
Project("{2150E333-8FDC-42A3-9474-1A3956D46DE8}") = "Core", "Core", "{4F41812C-6330-4B49-A5B0-CC7012E2BE45}"
EndProject
Project("{9A19103F-16F7-4668-BE54-9A1E7A4F7556}") = "NSE.Core", "src\building blocks\NSE.Core\NSE.Core.csproj", "{F1468795-2BF8-47D6-A2D5-676713CAB112}"
EndProject
Project("{2150E333-8FDC-42A3-9474-1A3956D46DE8}") = "Carrinho", "Carrinho", "{DDC37040-1B9B-49FB-AA06-2982159F9CE0}"
EndProject
Project("{2150E333-8FDC-42A3-9474-1A3956D46DE8}") = "Catalogo", "Catalogo", "{11F7FADB-845F-4786-A226-39C7320EF12E}"
EndProject
Project("{2150E333-8FDC-42A3-9474-1A3956D46DE8}") = "Cliente", "Cliente", "{0087F975-336A-4537-B653-DF81E2ADA298}"
EndProject
Project("{2150E333-8FDC-42A3-9474-1A3956D46DE8}") = "Pagamento", "Pagamento", "{003AF41A-DE6D-4E10-BFB2-B17DFFAA96CF}"
EndProject
Project("{2150E333-8FDC-42A3-9474-1A3956D46DE8}") = "Pedido", "Pedido", "{D677DC3B-F746-4A12-8C71-41BAAB2BDDF8}"
EndProject
Project("{9A19103F-16F7-4668-BE54-9A1E7A4F7556}") = "NSE.Carrinho.API", "src\services\NSE.Carrinho.API\NSE.Carrinho.API.csproj", "{E9AE8163-A22E-4179-A041-820C96307756}"
EndProject
Project("{9A19103F-16F7-4668-BE54-9A1E7A4F7556}") = "NSE.Catalogo.API", "src\services\NSE.Catalogo.API\NSE.Catalogo.API.csproj", "{6F03B725-DC76-41A7-ABD8-C22E4758CB06}"
EndProject
Project("{9A19103F-16F7-4668-BE54-9A1E7A4F7556}") = "NSE.Clientes.API", "src\services\NSE.Clientes.API\NSE.Clientes.API.csproj", "{5F298BAD-0EA5-4CDF-B7B7-9D709E50AB92}"
EndProject
Project("{9A19103F-16F7-4668-BE54-9A1E7A4F7556}") = "NSE.Pagamentos.API", "src\services\NSE.Pagamentos.API\NSE.Pagamentos.API.csproj", "{2284ED64-7605-4C36-ACB5-49BB6E183AB7}"
EndProject
Project("{9A19103F-16F7-4668-BE54-9A1E7A4F7556}") = "NSE.Pedidos.API", "src\services\NSE.Pedidos.API\NSE.Pedidos.API.csproj", "{0C7AE976-D3C5-47CC-81C5-1C5024142743}"
EndProject
Project("{2150E333-8FDC-42A3-9474-1A3956D46DE8}") = "Services", "Services", "{60924242-29A8-4198-81FB-7F9705A6B2C1}"
EndProject
Project("{9A19103F-16F7-4668-BE54-9A1E7A4F7556}") = "NSE.WebAPI.Core", "src\building blocks\NSE.WebAPI.Core\NSE.WebAPI.Core.csproj", "{FD20E369-FC17-48F1-BA94-2BDB9ED9EE2F}"
EndProject
Project("{2150E333-8FDC-42A3-9474-1A3956D46DE8}") = "MessageBus", "MessageBus", "{99AB4AF0-CDF2-4D8B-94AC-03B210B47E60}"
EndProject
Project("{9A19103F-16F7-4668-BE54-9A1E7A4F7556}") = "NSE.MessageBus", "src\building blocks\NSE.MessageBus\NSE.MessageBus.csproj", "{9BC437B3-3CE2-455B-9E4E-30BA2955E116}"
EndProject
Project("{2150E333-8FDC-42A3-9474-1A3956D46DE8}") = "ApiGateways", "ApiGateways", "{4873EADB-8F34-40A3-9FF4-68591BD8490C}"
EndProject
Project("{2150E333-8FDC-42A3-9474-1A3956D46DE8}") = "Compras", "Compras", "{FEDE6DE9-8959-4E0F-A4D1-814391EF7CE7}"
EndProject
Project("{9A19103F-16F7-4668-BE54-9A1E7A4F7556}") = "NSE.Bff.Compras", "src\api gateways\NSE.Bff.Compras\NSE.Bff.Compras.csproj", "{039CEF58-DEFA-441E-AC7D-23FAE492A3D2}"
EndProject
Project("{9A19103F-16F7-4668-BE54-9A1E7A4F7556}") = "NSE.Pedidos.Domain", "src\services\NSE.Pedidos.Domain\NSE.Pedidos.Domain.csproj", "{5D202029-0908-414D-8B61-8F76D0E656AE}"
EndProject
Project("{9A19103F-16F7-4668-BE54-9A1E7A4F7556}") = "NSE.Pedidos.Infra", "src\services\NSE.Pedidos.Infra\NSE.Pedidos.Infra.csproj", "{614668F2-6DEC-4B2E-94DB-52038272A274}"
EndProject
Project("{9A19103F-16F7-4668-BE54-9A1E7A4F7556}") = "NSE.Pagamentos.NerdsPag", "src\services\NSE.Pagamentos.NerdsPag\NSE.Pagamentos.NerdsPag.csproj", "{F8612ED7-45CD-4A5D-A8F6-2BF50C6B5638}"
EndProject
Global
	GlobalSection(SolutionConfigurationPlatforms) = preSolution
		Debug|Any CPU = Debug|Any CPU
		Release|Any CPU = Release|Any CPU
	EndGlobalSection
	GlobalSection(ProjectConfigurationPlatforms) = postSolution
		{67C7BF5B-9716-45DB-AE14-FA9B7DB9A519}.Debug|Any CPU.ActiveCfg = Debug|Any CPU
		{67C7BF5B-9716-45DB-AE14-FA9B7DB9A519}.Debug|Any CPU.Build.0 = Debug|Any CPU
		{67C7BF5B-9716-45DB-AE14-FA9B7DB9A519}.Release|Any CPU.ActiveCfg = Release|Any CPU
		{67C7BF5B-9716-45DB-AE14-FA9B7DB9A519}.Release|Any CPU.Build.0 = Release|Any CPU
		{6C4032D4-7AEB-49C7-A551-F5B84D3945BB}.Debug|Any CPU.ActiveCfg = Debug|Any CPU
		{6C4032D4-7AEB-49C7-A551-F5B84D3945BB}.Debug|Any CPU.Build.0 = Debug|Any CPU
		{6C4032D4-7AEB-49C7-A551-F5B84D3945BB}.Release|Any CPU.ActiveCfg = Release|Any CPU
		{6C4032D4-7AEB-49C7-A551-F5B84D3945BB}.Release|Any CPU.Build.0 = Release|Any CPU
		{F1468795-2BF8-47D6-A2D5-676713CAB112}.Debug|Any CPU.ActiveCfg = Debug|Any CPU
		{F1468795-2BF8-47D6-A2D5-676713CAB112}.Debug|Any CPU.Build.0 = Debug|Any CPU
		{F1468795-2BF8-47D6-A2D5-676713CAB112}.Release|Any CPU.ActiveCfg = Release|Any CPU
		{F1468795-2BF8-47D6-A2D5-676713CAB112}.Release|Any CPU.Build.0 = Release|Any CPU
		{E9AE8163-A22E-4179-A041-820C96307756}.Debug|Any CPU.ActiveCfg = Debug|Any CPU
		{E9AE8163-A22E-4179-A041-820C96307756}.Debug|Any CPU.Build.0 = Debug|Any CPU
		{E9AE8163-A22E-4179-A041-820C96307756}.Release|Any CPU.ActiveCfg = Release|Any CPU
		{E9AE8163-A22E-4179-A041-820C96307756}.Release|Any CPU.Build.0 = Release|Any CPU
		{6F03B725-DC76-41A7-ABD8-C22E4758CB06}.Debug|Any CPU.ActiveCfg = Debug|Any CPU
		{6F03B725-DC76-41A7-ABD8-C22E4758CB06}.Debug|Any CPU.Build.0 = Debug|Any CPU
		{6F03B725-DC76-41A7-ABD8-C22E4758CB06}.Release|Any CPU.ActiveCfg = Release|Any CPU
		{6F03B725-DC76-41A7-ABD8-C22E4758CB06}.Release|Any CPU.Build.0 = Release|Any CPU
		{5F298BAD-0EA5-4CDF-B7B7-9D709E50AB92}.Debug|Any CPU.ActiveCfg = Debug|Any CPU
		{5F298BAD-0EA5-4CDF-B7B7-9D709E50AB92}.Debug|Any CPU.Build.0 = Debug|Any CPU
		{5F298BAD-0EA5-4CDF-B7B7-9D709E50AB92}.Release|Any CPU.ActiveCfg = Release|Any CPU
		{5F298BAD-0EA5-4CDF-B7B7-9D709E50AB92}.Release|Any CPU.Build.0 = Release|Any CPU
		{2284ED64-7605-4C36-ACB5-49BB6E183AB7}.Debug|Any CPU.ActiveCfg = Debug|Any CPU
		{2284ED64-7605-4C36-ACB5-49BB6E183AB7}.Debug|Any CPU.Build.0 = Debug|Any CPU
		{2284ED64-7605-4C36-ACB5-49BB6E183AB7}.Release|Any CPU.ActiveCfg = Release|Any CPU
		{2284ED64-7605-4C36-ACB5-49BB6E183AB7}.Release|Any CPU.Build.0 = Release|Any CPU
		{0C7AE976-D3C5-47CC-81C5-1C5024142743}.Debug|Any CPU.ActiveCfg = Debug|Any CPU
		{0C7AE976-D3C5-47CC-81C5-1C5024142743}.Debug|Any CPU.Build.0 = Debug|Any CPU
		{0C7AE976-D3C5-47CC-81C5-1C5024142743}.Release|Any CPU.ActiveCfg = Release|Any CPU
		{0C7AE976-D3C5-47CC-81C5-1C5024142743}.Release|Any CPU.Build.0 = Release|Any CPU
		{FD20E369-FC17-48F1-BA94-2BDB9ED9EE2F}.Debug|Any CPU.ActiveCfg = Debug|Any CPU
		{FD20E369-FC17-48F1-BA94-2BDB9ED9EE2F}.Debug|Any CPU.Build.0 = Debug|Any CPU
		{FD20E369-FC17-48F1-BA94-2BDB9ED9EE2F}.Release|Any CPU.ActiveCfg = Release|Any CPU
		{FD20E369-FC17-48F1-BA94-2BDB9ED9EE2F}.Release|Any CPU.Build.0 = Release|Any CPU
		{9BC437B3-3CE2-455B-9E4E-30BA2955E116}.Debug|Any CPU.ActiveCfg = Debug|Any CPU
		{9BC437B3-3CE2-455B-9E4E-30BA2955E116}.Debug|Any CPU.Build.0 = Debug|Any CPU
		{9BC437B3-3CE2-455B-9E4E-30BA2955E116}.Release|Any CPU.ActiveCfg = Release|Any CPU
		{9BC437B3-3CE2-455B-9E4E-30BA2955E116}.Release|Any CPU.Build.0 = Release|Any CPU
		{039CEF58-DEFA-441E-AC7D-23FAE492A3D2}.Debug|Any CPU.ActiveCfg = Debug|Any CPU
		{039CEF58-DEFA-441E-AC7D-23FAE492A3D2}.Debug|Any CPU.Build.0 = Debug|Any CPU
		{039CEF58-DEFA-441E-AC7D-23FAE492A3D2}.Release|Any CPU.ActiveCfg = Release|Any CPU
		{039CEF58-DEFA-441E-AC7D-23FAE492A3D2}.Release|Any CPU.Build.0 = Release|Any CPU
		{5D202029-0908-414D-8B61-8F76D0E656AE}.Debug|Any CPU.ActiveCfg = Debug|Any CPU
		{5D202029-0908-414D-8B61-8F76D0E656AE}.Debug|Any CPU.Build.0 = Debug|Any CPU
		{5D202029-0908-414D-8B61-8F76D0E656AE}.Release|Any CPU.ActiveCfg = Release|Any CPU
		{5D202029-0908-414D-8B61-8F76D0E656AE}.Release|Any CPU.Build.0 = Release|Any CPU
		{614668F2-6DEC-4B2E-94DB-52038272A274}.Debug|Any CPU.ActiveCfg = Debug|Any CPU
		{614668F2-6DEC-4B2E-94DB-52038272A274}.Debug|Any CPU.Build.0 = Debug|Any CPU
		{614668F2-6DEC-4B2E-94DB-52038272A274}.Release|Any CPU.ActiveCfg = Release|Any CPU
		{614668F2-6DEC-4B2E-94DB-52038272A274}.Release|Any CPU.Build.0 = Release|Any CPU
		{F8612ED7-45CD-4A5D-A8F6-2BF50C6B5638}.Debug|Any CPU.ActiveCfg = Debug|Any CPU
		{F8612ED7-45CD-4A5D-A8F6-2BF50C6B5638}.Debug|Any CPU.Build.0 = Debug|Any CPU
		{F8612ED7-45CD-4A5D-A8F6-2BF50C6B5638}.Release|Any CPU.ActiveCfg = Release|Any CPU
		{F8612ED7-45CD-4A5D-A8F6-2BF50C6B5638}.Release|Any CPU.Build.0 = Release|Any CPU
	EndGlobalSection
	GlobalSection(SolutionProperties) = preSolution
		HideSolutionNode = FALSE
	EndGlobalSection
	GlobalSection(NestedProjects) = preSolution
		{117A9589-2568-4766-8D6F-6A5E1F0E5C42} = {CE59F6FC-1501-4E25-814A-52B0E0C677C7}
		{D6AEADC0-0DC2-4BF1-9305-436814FC0EE6} = {CE59F6FC-1501-4E25-814A-52B0E0C677C7}
		{119CFEA6-A437-44DA-9213-EE8B87493873} = {CE59F6FC-1501-4E25-814A-52B0E0C677C7}
		{E20930AE-E7E7-4ED1-AFD4-A5D709810AAF} = {D6AEADC0-0DC2-4BF1-9305-436814FC0EE6}
		{67C7BF5B-9716-45DB-AE14-FA9B7DB9A519} = {E20930AE-E7E7-4ED1-AFD4-A5D709810AAF}
		{E9CE11FB-0D6C-4843-ABDD-19D63ED900EF} = {119CFEA6-A437-44DA-9213-EE8B87493873}
		{6C4032D4-7AEB-49C7-A551-F5B84D3945BB} = {E9CE11FB-0D6C-4843-ABDD-19D63ED900EF}
		{4F41812C-6330-4B49-A5B0-CC7012E2BE45} = {117A9589-2568-4766-8D6F-6A5E1F0E5C42}
		{F1468795-2BF8-47D6-A2D5-676713CAB112} = {4F41812C-6330-4B49-A5B0-CC7012E2BE45}
		{DDC37040-1B9B-49FB-AA06-2982159F9CE0} = {D6AEADC0-0DC2-4BF1-9305-436814FC0EE6}
		{11F7FADB-845F-4786-A226-39C7320EF12E} = {D6AEADC0-0DC2-4BF1-9305-436814FC0EE6}
		{0087F975-336A-4537-B653-DF81E2ADA298} = {D6AEADC0-0DC2-4BF1-9305-436814FC0EE6}
		{003AF41A-DE6D-4E10-BFB2-B17DFFAA96CF} = {D6AEADC0-0DC2-4BF1-9305-436814FC0EE6}
		{D677DC3B-F746-4A12-8C71-41BAAB2BDDF8} = {D6AEADC0-0DC2-4BF1-9305-436814FC0EE6}
		{E9AE8163-A22E-4179-A041-820C96307756} = {DDC37040-1B9B-49FB-AA06-2982159F9CE0}
		{6F03B725-DC76-41A7-ABD8-C22E4758CB06} = {11F7FADB-845F-4786-A226-39C7320EF12E}
		{5F298BAD-0EA5-4CDF-B7B7-9D709E50AB92} = {0087F975-336A-4537-B653-DF81E2ADA298}
		{2284ED64-7605-4C36-ACB5-49BB6E183AB7} = {003AF41A-DE6D-4E10-BFB2-B17DFFAA96CF}
		{0C7AE976-D3C5-47CC-81C5-1C5024142743} = {D677DC3B-F746-4A12-8C71-41BAAB2BDDF8}
		{60924242-29A8-4198-81FB-7F9705A6B2C1} = {117A9589-2568-4766-8D6F-6A5E1F0E5C42}
		{FD20E369-FC17-48F1-BA94-2BDB9ED9EE2F} = {60924242-29A8-4198-81FB-7F9705A6B2C1}
		{99AB4AF0-CDF2-4D8B-94AC-03B210B47E60} = {117A9589-2568-4766-8D6F-6A5E1F0E5C42}
		{9BC437B3-3CE2-455B-9E4E-30BA2955E116} = {99AB4AF0-CDF2-4D8B-94AC-03B210B47E60}
		{4873EADB-8F34-40A3-9FF4-68591BD8490C} = {CE59F6FC-1501-4E25-814A-52B0E0C677C7}
		{FEDE6DE9-8959-4E0F-A4D1-814391EF7CE7} = {4873EADB-8F34-40A3-9FF4-68591BD8490C}
		{039CEF58-DEFA-441E-AC7D-23FAE492A3D2} = {FEDE6DE9-8959-4E0F-A4D1-814391EF7CE7}
		{5D202029-0908-414D-8B61-8F76D0E656AE} = {D677DC3B-F746-4A12-8C71-41BAAB2BDDF8}
		{614668F2-6DEC-4B2E-94DB-52038272A274} = {D677DC3B-F746-4A12-8C71-41BAAB2BDDF8}
		{F8612ED7-45CD-4A5D-A8F6-2BF50C6B5638} = {003AF41A-DE6D-4E10-BFB2-B17DFFAA96CF}
	EndGlobalSection
	GlobalSection(ExtensibilityGlobals) = postSolution
		SolutionGuid = {5636683D-9745-4645-8DF8-3834F35F791B}
	EndGlobalSection
EndGlobal
